{
    "requires": true,
    "lockfileVersion": 1,
    "dependencies": {
        "almond": {
            "version": "0.3.3",
            "resolved": "https://registry.npmjs.org/almond/-/almond-0.3.3.tgz",
            "integrity": "sha1-oOfJWsdiTWQXtElLHmi/9pMWiiA="
        },
        "bootbox": {
            "version": "4.4.0",
            "resolved": "https://registry.npmjs.org/bootbox/-/bootbox-4.4.0.tgz",
            "integrity": "sha1-/3+Jj7h9RSflR/62QVj4hFDRoMk="
        },
        "bootstrap": {
            "version": "4.1.2",
            "resolved": "https://registry.npmjs.org/bootstrap/-/bootstrap-4.1.2.tgz",
            "integrity": "sha512-3bP609EdMc/8EwgGp8KgpN8HwnR4V4lZ9CTi5pImMrXNxpkw7dK1B05aMwQWpG1ZWmTLlBSN/uzkuz5GsmQNFA=="
        },
        "datatables.net": {
            "version": "1.10.18",
            "resolved": "https://registry.npmjs.org/datatables.net/-/datatables.net-1.10.18.tgz",
            "integrity": "sha512-YrrMTqtPkTpY/cbSjJ31qDuyABXbXnS/rtHArUTWIpSymmGpizRN8XdCQTMH2QWlFPqA3RWxrHEcElOQzSWlaw==",
            "requires": {
                "jquery": ">=1.7"
            }
        },
        "datatables.net-bs4": {
            "version": "1.10.18",
            "resolved": "https://registry.npmjs.org/datatables.net-bs4/-/datatables.net-bs4-1.10.18.tgz",
            "integrity": "sha512-+7acN1WYJN7oK6QcWPHAwgTlFB9J8TEjJNxRLnSSbY+S0t9hw5ZNRlLQUNpK/w1979r/iPpYsmgQ1i0zYVHJ6w==",
            "requires": {
                "datatables.net": "1.10.18",
                "jquery": ">=1.7"
            }
        },
        "datatables.net-buttons": {
            "version": "1.5.2",
            "resolved": "https://registry.npmjs.org/datatables.net-buttons/-/datatables.net-buttons-1.5.2.tgz",
            "integrity": "sha512-SwXkuu6iH7XBHa6EhLzBwV1fwLdI+ZjDhkxMsvNFn8REpcebaxJQReYRu70n7nopbrz4QVa1pjpxdGYUjox84g==",
            "requires": {
                "datatables.net": "^1.10.15",
                "jquery": ">=1.7"
            }
        },
        "datatables.net-buttons-bs4": {
            "version": "1.5.2",
            "resolved": "https://registry.npmjs.org/datatables.net-buttons-bs4/-/datatables.net-buttons-bs4-1.5.2.tgz",
            "integrity": "sha512-ccjeY6hiBro+Eric7TLZe3jws6v4aOqIJYJD4E/e19NQ6Ql1EA1joyqPuv7IiYAhUV3TpyxQgC2hvL1P885M2w==",
            "requires": {
                "datatables.net-bs4": "^1.10.15",
                "datatables.net-buttons": "1.5.2",
                "jquery": ">=1.7"
            }
        },
        "font-awesome": {
            "version": "4.7.0",
            "resolved": "https://registry.npmjs.org/font-awesome/-/font-awesome-4.7.0.tgz",
            "integrity": "sha1-j6jPBBGhoxr9B7BtKQK7n8gVoTM="
        },
        "jquery": {
            "version": "3.3.1",
            "resolved": "https://registry.npmjs.org/jquery/-/jquery-3.3.1.tgz",
            "integrity": "sha512-Ubldcmxp5np52/ENotGxlLe6aGMvmF4R8S6tZjsP6Knsaxd/xp3Zrh50cG93lR6nPXyUFwzN3ZSOQI0wRJNdGg=="
        },
        "jquery-mask-plugin": {
            "version": "1.14.15",
            "resolved": "https://registry.npmjs.org/jquery-mask-plugin/-/jquery-mask-plugin-1.14.15.tgz",
            "integrity": "sha512-/mI1N5WG9E7JmjFWIQBIMuG/4QlZDAXuoNjHoqVWZSMah+go5hp/xKI/xC0Jud9Ly4HqqhFxY4AXLTUZT+J7Hg=="
        },
        "jquery-mousewheel": {
            "version": "3.1.13",
            "resolved": "https://registry.npmjs.org/jquery-mousewheel/-/jquery-mousewheel-3.1.13.tgz",
            "integrity": "sha1-BvAzXxbjU6aV5yBr9QUDy1I6buU="
        },
        "jquery.easing": {
            "version": "1.4.1",
            "resolved": "https://registry.npmjs.org/jquery.easing/-/jquery.easing-1.4.1.tgz",
            "integrity": "sha1-R5gsWDa9dY/UhJSSPEoQHvbpPjs="
        },
        "popper.js": {
            "version": "1.14.3",
            "resolved": "https://registry.npmjs.org/popper.js/-/popper.js-1.14.3.tgz",
            "integrity": "sha1-FDj5jQRqz3tNeM1QK/QYrGTU8JU="
        },
        "select2": {
            "version": "4.0.6-rc.1",
            "resolved": "https://registry.npmjs.org/select2/-/select2-4.0.6-rc.1.tgz",
            "integrity": "sha1-qmwwOKfw8ukf+t448KIcFeGBMnY=",
            "requires": {
                "almond": "~0.3.1",
                "jquery-mousewheel": "~3.1.13"
            }
        }
    }
}
